hash: 4fc348a31df4bc313ba8aac85992d76901fe3661ccdef04fe852768392d10bf4
updated: 2016-06-29T09:50:38.008266943-04:00
imports:
- name: github.com/ansel1/merry
  version: 5d27db058b2209512885615d6b5d96df9569d0c9
- name: github.com/elgs/gosplitargs
  version: e9cf3de21e146ace7f4a8a42af3d51caf7fe2f3b
- name: github.com/go-errors/errors
  version: a41850380601eeb43f4350f7d17c6bbd8944aaf8
devImports: []
