# This file is autogenerated, do not edit; changes may be undone by the next 'dep ensure'.


[[projects]]
  name = "github.com/ansel1/merry"
  packages = ["."]
  revision = "5d27db058b2209512885615d6b5d96df9569d0c9"

[[projects]]
  name = "github.com/davecgh/go-spew"
  packages = ["spew"]
  revision = "5215b55f46b2b919f50a1df0eaa5886afe4e3b3d"

[[projects]]
  name = "github.com/go-errors/errors"
  packages = ["."]
  revision = "a41850380601eeb43f4350f7d17c6bbd8944aaf8"

[[projects]]
  name = "github.com/k0kubun/pp"
  packages = ["."]
  revision = "f5dce6ed0ccf6c350f1679964ff6b61f3d6d2033"

[[projects]]
  name = "github.com/mattn/go-colorable"
  packages = ["."]
  revision = "9056b7a9f2d1f2d96498d6d146acd1f9d5ed3d59"
  version = "v0.0.5"

[[projects]]
  name = "github.com/mattn/go-isatty"
  packages = ["."]
  revision = "56b76bdf51f7708750eac80fa38b952bb9f32639"

[[projects]]
  name = "github.com/pmezard/go-difflib"
  packages = ["difflib"]
  revision = "792786c7400a136282c1664665ae0a8db921c6c2"
  version = "v1.0.0"

[[projects]]
  name = "github.com/stretchr/testify"
  packages = ["assert","require"]
  revision = "d77da356e56a7428ad25149ca77381849a6a5232"

[[projects]]
  name = "golang.org/x/sys"
  packages = ["unix"]
  revision = "a408501be4d17ee978c04a618e7a1b22af058c0e"

[solve-meta]
  analyzer-name = "dep"
  analyzer-version = 1
  inputs-digest = "f99b312118edcf16948751d1d56e1ba96af80023ed47cc33ea3d98ed79b7a9ac"
  solver-name = "gps-cdcl"
  solver-version = 1
