# This file is autogenerated, do not edit; changes may be undone by the next 'dep ensure'.


[[projects]]
  digest = "1:71c557dce3797895aab7a66b33c6c2c0fd3893cf18f1739abaad1cef8398a009"
  name = "github.com/ansel1/merry"
  packages = ["."]
  pruneopts = ""
  revision = "5429a08c10ad44bc57a5dbbf49fd44a6371fb167"
  version = "v1.3.1"

[[projects]]
  digest = "1:0deddd908b6b4b768cfc272c16ee61e7088a60f7fe2f06c547bd3d8e1f8b8e77"
  name = "github.com/davecgh/go-spew"
  packages = ["spew"]
  pruneopts = ""
  revision = "8991bc29aa16c548c550c7ff78260e27b9ab7c73"
  version = "v1.1.1"

[[projects]]
  digest = "1:01228049049d301adb9fe2a35683db8ec9d20419aac36b5cc48e92c5d05444c3"
  name = "github.com/k0kubun/pp"
  packages = ["."]
  pruneopts = ""
  revision = "027a6d1765d673d337e687394dbe780dd64e2a1e"
  version = "v2.3.0"

[[projects]]
  digest = "1:9ea83adf8e96d6304f394d40436f2eb44c1dc3250d223b74088cc253a6cd0a1c"
  name = "github.com/mattn/go-colorable"
  packages = ["."]
  pruneopts = ""
  revision = "167de6bfdfba052fa6b2d3664c8f5272e23c9072"
  version = "v0.0.9"

[[projects]]
  digest = "1:3140e04675a6a91d2a20ea9d10bdadf6072085502e6def6768361260aee4b967"
  name = "github.com/mattn/go-isatty"
  packages = ["."]
  pruneopts = ""
  revision = "6ca4dbf54d38eea1a992b3c722a76a5d1c4cb25c"
  version = "v0.0.4"

[[projects]]
  digest = "1:256484dbbcd271f9ecebc6795b2df8cad4c458dd0f5fd82a8c2fa0c29f233411"
  name = "github.com/pmezard/go-difflib"
  packages = ["difflib"]
  pruneopts = ""
  revision = "792786c7400a136282c1664665ae0a8db921c6c2"
  version = "v1.0.0"

[[projects]]
  digest = "1:c587772fb8ad29ad4db67575dad25ba17a51f072ff18a22b4f0257a4d9c24f75"
  name = "github.com/stretchr/testify"
  packages = [
    "assert",
    "require",
  ]
  pruneopts = ""
  revision = "f35b8ab0b5a2cef36673838d662e249dd9c94686"
  version = "v1.2.2"

[[projects]]
  branch = "master"
  digest = "1:e72faf69788ebc710fd4742e4a823a638f75268f5ee28263fa1f4fe3b69eb825"
  name = "golang.org/x/sys"
  packages = ["unix"]
  pruneopts = ""
  revision = "b05ddf57801d2239d6ab0ee35f9d981e0420f4ac"

[solve-meta]
  analyzer-name = "dep"
  analyzer-version = 1
  input-imports = [
    "github.com/ansel1/merry",
    "github.com/k0kubun/pp",
    "github.com/stretchr/testify/assert",
    "github.com/stretchr/testify/require",
  ]
  solver-name = "gps-cdcl"
  solver-version = 1
